MULTICHAIN_V2_LOCK=1
policy=chain-abstraction-fail-closed-v2
da22864a22fcad143dae4a903c46538e5557c50b5adb3bea01312e97d33e0185  rwa-multichain.js
03afb06c74446e5bd78b8f058d87fd80d6eb603a28e297008bc243b455753682  rwa-multichain-engine.js
f1c0b179dd8d4f5ae75e28c48ea5a6aa61f663208c257da4b4ffc79cf20c8962  rwa-multichain-registry.json
d12c5e463bf2ebe2c39cc55e7f9871fa18179b69af07a828cbe877f93acc6abd  tools/multichain-browser.mjs
8a67ce65300c69b2db1bd56820ec5bfa3d94e69f0f254233a32ac96681c32b7d  .github/workflows/multichain-browser.yml
index_bootstrap_sha256=b1b990af7e3db7454963cee21c5ae322fe96fa34779dd8bb315eb77598c1a2a6
