MULTICHAIN_V4_LOCK=1
MULTICHAIN_V3_COMPATIBILITY=1
MULTICHAIN_REVENUE_V3_LOCK=1
revision=3.0.0-tuntas
policy=chain-abstraction-fail-closed-v2
revenue_policy=provider-setup-visible-fee-user-approval-fail-closed-v2
receipt_matrix=real-receipts-required-v1
pilot_receipts=hard-capped-real-wallet-v1
mainnet_gate=global-and-multichain
provider_fees=lifi-portal-and-hyperliquid-user-approval-required
hyperliquid_funding=official-bridge2-verified
first_paint_external_scripts=6
no_second_exchange_write_path=1
address_family_binding=required
solana_rpc_preflight=required
evm_approval_receipt_barrier=required
persistent_lifecycle_recovery=required
wallet_abstraction=walletconnect-eip1193-plus-solana
