MULTICHAIN_V2_LOCK=1
MULTICHAIN_REVENUE_V3_LOCK=1
policy=chain-abstraction-fail-closed-v2
revenue_policy=provider-confirmed-visible-fee-fail-closed-v1
da22864a22fcad143dae4a903c46538e5557c50b5adb3bea01312e97d33e0185  rwa-multichain.js
95459fe655787a27c7e4ffbbcaf4c952574fa8f1a8c2cf0c9c1c53e182ced40a  rwa-multichain-engine.js
f1c0b179dd8d4f5ae75e28c48ea5a6aa61f663208c257da4b4ffc79cf20c8962  rwa-multichain-registry.json
068c54ca1d8131b4a872a9fe8f626637af4c5b544790d1700ff151199b45bd7e  tools/multichain-browser.mjs
8a67ce65300c69b2db1bd56820ec5bfa3d94e69f0f254233a32ac96681c32b7d  .github/workflows/multichain-browser.yml
57456ee7a8f6b735797cb59441359832cdd69da6fe84ef9f1f6812fcd1778882  rwa-multichain-revenue.json
f1857c42cc1eb08a928af7a4920b3133e3cce733be9abc5d34c1a386d18c24c1  tools/multichain-revenue-contract.mjs
f18ef8780b1c4e07a4216f8e9d0153f6558361b65cb75e51d84317a3bdf3ad90  .github/workflows/multichain-revenue-gate.yml
index_bootstrap_sha256=b1b990af7e3db7454963cee21c5ae322fe96fa34779dd8bb315eb77598c1a2a6
